{
  "name": "santry",
  "version": "1.0.0",
  "lockfileVersion": 3,
  "requires": true,
  "packages": {
    "": {
      "name": "santry",
      "version": "1.0.0",
      "license": "ISC",
      "dependencies": {
        "@sentry/node": "^7.98.0"
      }
    },
    "node_modules/@sentry-internal/tracing": {
      "version": "7.98.0",
      "resolved": "https://registry.npmjs.org/@sentry-internal/tracing/-/tracing-7.98.0.tgz",
      "integrity": "sha512-FnhD2uMLIAJvv4XsYPv3qsTTtxrImyLxiZacudJyaWFhxoeVQ8bKKbWJ/Ar68FAwqTtjXMeY5evnEBbRMcQlaA==",
      "dependencies": {
        "@sentry/core": "7.98.0",
        "@sentry/types": "7.98.0",
        "@sentry/utils": "7.98.0"
      },
      "engines": {
        "node": ">=8"
      }
    },
    "node_modules/@sentry/core": {
      "version": "7.98.0",
      "resolved": "https://registry.npmjs.org/@sentry/core/-/core-7.98.0.tgz",
      "integrity": "sha512-baRUcpCNGyk7cApQHMfqEZJkXdvAKK+z/dVWiMqWc5T5uhzMnPE8/gjP1JZsMtJSQ8g5nHimBdI5TwOyZtxPaA==",
      "dependencies": {
        "@sentry/types": "7.98.0",
        "@sentry/utils": "7.98.0"
      },
      "engines": {
        "node": ">=8"
      }
    },
    "node_modules/@sentry/node": {
      "version": "7.98.0",
      "resolved": "https://registry.npmjs.org/@sentry/node/-/node-7.98.0.tgz",
      "integrity": "sha512-9cHW217DnU9wC4iR+QxmY3q59N1Touh23hPMDtpMRmbRHSgrmLMoHTVPhK9zHsXRs0mUeidmMqY1ubAWauQByw==",
      "dependencies": {
        "@sentry-internal/tracing": "7.98.0",
        "@sentry/core": "7.98.0",
        "@sentry/types": "7.98.0",
        "@sentry/utils": "7.98.0"
      },
      "engines": {
        "node": ">=8"
      }
    },
    "node_modules/@sentry/types": {
      "version": "7.98.0",
      "resolved": "https://registry.npmjs.org/@sentry/types/-/types-7.98.0.tgz",
      "integrity": "sha512-pc034ziM0VTETue4bfBcBqTWGy4w0okidtoZJjGVrYAfE95ObZnUGVj/XYIQ3FeCYWIa7NFN2MvdsCS0buwivQ==",
      "engines": {
        "node": ">=8"
      }
    },
    "node_modules/@sentry/utils": {
      "version": "7.98.0",
      "resolved": "https://registry.npmjs.org/@sentry/utils/-/utils-7.98.0.tgz",
      "integrity": "sha512-0/LY+kpHxItVRY0xPDXPXVsKRb95cXsGSQf8sVMtfSjz++0bLL1U4k7PFz1c5s2/Vk0B8hS6duRrgMv6dMIZDw==",
      "dependencies": {
        "@sentry/types": "7.98.0"
      },
      "engines": {
        "node": ">=8"
      }
    }
  }
}
